// !$*UTF8*$!
{
	archiveVersion = 1;
	classes = {
	};
	objectVersion = 46;
	objects = {

/* Begin PBXBuildFile section */
		3F6D9D941CD926F800B1E066 /* AppDelegate.swift in Sources */ = {isa = PBXBuildFile; fileRef = 3F6D9D931CD926F800B1E066 /* AppDelegate.swift */; };
		3F6D9D961CD926F800B1E066 /* ViewController.swift in Sources */ = {isa = PBXBuildFile; fileRef = 3F6D9D951CD926F800B1E066 /* ViewController.swift */; };
		3F6D9D991CD926F800B1E066 /* Main.storyboard in Resources */ = {isa = PBXBuildFile; fileRef = 3F6D9D971CD926F800B1E066 /* Main.storyboard */; };
		3F6D9D9C1CD926F800B1E066 /* FilmCollector2.xcdatamodeld in Sources */ = {isa = PBXBuildFile; fileRef = 3F6D9D9A1CD926F800B1E066 /* FilmCollector2.xcdatamodeld */; };
		3F6D9D9E1CD926F800B1E066 /* Assets.xcassets in Resources */ = {isa = PBXBuildFile; fileRef = 3F6D9D9D1CD926F800B1E066 /* Assets.xcassets */; };
		3F6D9DA11CD926F800B1E066 /* LaunchScreen.storyboard in Resources */ = {isa = PBXBuildFile; fileRef = 3F6D9D9F1CD926F800B1E066 /* LaunchScreen.storyboard */; };
		3F6D9DA91CD9281F00B1E066 /* MovieTableViewController.swift in Sources */ = {isa = PBXBuildFile; fileRef = 3F6D9DA81CD9281F00B1E066 /* MovieTableViewController.swift */; };
		3F6D9DAC1CD9290300B1E066 /* Movie+CoreDataProperties.swift in Sources */ = {isa = PBXBuildFile; fileRef = 3F6D9DAA1CD9290300B1E066 /* Movie+CoreDataProperties.swift */; };
		3F6D9DAD1CD9290300B1E066 /* Movie.swift in Sources */ = {isa = PBXBuildFile; fileRef = 3F6D9DAB1CD9290300B1E066 /* Movie.swift */; };
		3F6D9DAF1CD92DFC00B1E066 /* MovieDetailViewController.swift in Sources */ = {isa = PBXBuildFile; fileRef = 3F6D9DAE1CD92DFC00B1E066 /* MovieDetailViewController.swift */; };
/* End PBXBuildFile section */

/* Begin PBXFileReference section */
		3F6D9D901CD926F700B1E066 /* FilmCollector2.app */ = {isa = PBXFileReference; explicitFileType = wrapper.application; includeInIndex = 0; path = FilmCollector2.app; sourceTree = BUILT_PRODUCTS_DIR; };
		3F6D9D931CD926F800B1E066 /* AppDelegate.swift */ = {isa = PBXFileReference; lastKnownFileType = sourcecode.swift; path = AppDelegate.swift; sourceTree = "<group>"; };
		3F6D9D951CD926F800B1E066 /* ViewController.swift */ = {isa = PBXFileReference; lastKnownFileType = sourcecode.swift; path = ViewController.swift; sourceTree = "<group>"; };
		3F6D9D981CD926F800B1E066 /* Base */ = {isa = PBXFileReference; lastKnownFileType = file.storyboard; name = Base; path = Base.lproj/Main.storyboard; sourceTree = "<group>"; };
		3F6D9D9B1CD926F800B1E066 /* FilmCollector2.xcdatamodel */ = {isa = PBXFileReference; lastKnownFileType = wrapper.xcdatamodel; path = FilmCollector2.xcdatamodel; sourceTree = "<group>"; };
		3F6D9D9D1CD926F800B1E066 /* Assets.xcassets */ = {isa = PBXFileReference; lastKnownFileType = folder.assetcatalog; path = Assets.xcassets; sourceTree = "<group>"; };
		3F6D9DA01CD926F800B1E066 /* Base */ = {isa = PBXFileReference; lastKnownFileType = file.storyboard; name = Base; path = Base.lproj/LaunchScreen.storyboard; sourceTree = "<group>"; };
		3F6D9DA21CD926F800B1E066 /* Info.plist */ = {isa = PBXFileReference; lastKnownFileType = text.plist.xml; path = Info.plist; sourceTree = "<group>"; };
		3F6D9DA81CD9281F00B1E066 /* MovieTableViewController.swift */ = {isa = PBXFileReference; fileEncoding = 4; lastKnownFileType = sourcecode.swift; path = MovieTableViewController.swift; sourceTree = "<group>"; };
		3F6D9DAA1CD9290300B1E066 /* Movie+CoreDataProperties.swift */ = {isa = PBXFileReference; fileEncoding = 4; lastKnownFileType = sourcecode.swift; path = "Movie+CoreDataProperties.swift"; sourceTree = "<group>"; };
		3F6D9DAB1CD9290300B1E066 /* Movie.swift */ = {isa = PBXFileReference; fileEncoding = 4; lastKnownFileType = sourcecode.swift; path = Movie.swift; sourceTree = "<group>"; };
		3F6D9DAE1CD92DFC00B1E066 /* MovieDetailViewController.swift */ = {isa = PBXFileReference; fileEncoding = 4; lastKnownFileType = sourcecode.swift; path = MovieDetailViewController.swift; sourceTree = "<group>"; };
/* End PBXFileReference section */

/* Begin PBXFrameworksBuildPhase section */
		3F6D9D8D1CD926F700B1E066 /* Frameworks */ = {
			isa = PBXFrameworksBuildPhase;
			buildActionMask = 2147483647;
			files = (
			);
			runOnlyForDeploymentPostprocessing = 0;
		};
/* End PBXFrameworksBuildPhase section */

/* Begin PBXGroup section */
		3F6D9D871CD926F700B1E066 = {
			isa = PBXGroup;
			children = (
				3F6D9D921CD926F700B1E066 /* FilmCollector2 */,
				3F6D9D911CD926F700B1E066 /* Products */,
			);
			sourceTree = "<group>";
		};
		3F6D9D911CD926F700B1E066 /* Products */ = {
			isa = PBXGroup;
			children = (
				3F6D9D901CD926F700B1E066 /* FilmCollector2.app */,
			);
			name = Products;
			sourceTree = "<group>";
		};
		3F6D9D921CD926F700B1E066 /* FilmCollector2 */ = {
			isa = PBXGroup;
			children = (
				3F6D9DAA1CD9290300B1E066 /* Movie+CoreDataProperties.swift */,
				3F6D9DAB1CD9290300B1E066 /* Movie.swift */,
				3F6D9D931CD926F800B1E066 /* AppDelegate.swift */,
				3F6D9D951CD926F800B1E066 /* ViewController.swift */,
				3F6D9D971CD926F800B1E066 /* Main.storyboard */,
				3F6D9DAE1CD92DFC00B1E066 /* MovieDetailViewController.swift */,
				3F6D9DA81CD9281F00B1E066 /* MovieTableViewController.swift */,
				3F6D9D9D1CD926F800B1E066 /* Assets.xcassets */,
				3F6D9D9F1CD926F800B1E066 /* LaunchScreen.storyboard */,
				3F6D9DA21CD926F800B1E066 /* Info.plist */,
				3F6D9D9A1CD926F800B1E066 /* FilmCollector2.xcdatamodeld */,
			);
			path = FilmCollector2;
			sourceTree = "<group>";
		};
/* End PBXGroup section */

/* Begin PBXNativeTarget section */
		3F6D9D8F1CD926F700B1E066 /* FilmCollector2 */ = {
			isa = PBXNativeTarget;
			buildConfigurationList = 3F6D9DA51CD926F800B1E066 /* Build configuration list for PBXNativeTarget "FilmCollector2" */;
			buildPhases = (
				3F6D9D8C1CD926F700B1E066 /* Sources */,
				3F6D9D8D1CD926F700B1E066 /* Frameworks */,
				3F6D9D8E1CD926F700B1E066 /* Resources */,
			);
			buildRules = (
			);
			dependencies = (
			);
			name = FilmCollector2;
			productName = FilmCollector2;
			productReference = 3F6D9D901CD926F700B1E066 /* FilmCollector2.app */;
			productType = "com.apple.product-type.application";
		};
/* End PBXNativeTarget section */

/* Begin PBXProject section */
		3F6D9D881CD926F700B1E066 /* Project object */ = {
			isa = PBXProject;
			attributes = {
				LastSwiftUpdateCheck = 0720;
				LastUpgradeCheck = 0720;
				ORGANIZATIONNAME = CHCAppDev;
				TargetAttributes = {
					3F6D9D8F1CD926F700B1E066 = {
						CreatedOnToolsVersion = 7.2;
					};
				};
			};
			buildConfigurationList = 3F6D9D8B1CD926F700B1E066 /* Build configuration list for PBXProject "FilmCollector2" */;
			compatibilityVersion = "Xcode 3.2";
			developmentRegion = English;
			hasScannedForEncodings = 0;
			knownRegions = (
				en,
				Base,
			);
			mainGroup = 3F6D9D871CD926F700B1E066;
			productRefGroup = 3F6D9D911CD926F700B1E066 /* Products */;
			projectDirPath = "";
			projectRoot = "";
			targets = (
				3F6D9D8F1CD926F700B1E066 /* FilmCollector2 */,
			);
		};
/* End PBXProject section */

/* Begin PBXResourcesBuildPhase section */
		3F6D9D8E1CD926F700B1E066 /* Resources */ = {
			isa = PBXResourcesBuildPhase;
			buildActionMask = 2147483647;
			files = (
				3F6D9DA11CD926F800B1E066 /* LaunchScreen.storyboard in Resources */,
				3F6D9D9E1CD926F800B1E066 /* Assets.xcassets in Resources */,
				3F6D9D991CD926F800B1E066 /* Main.storyboard in Resources */,
			);
			runOnlyForDeploymentPostprocessing = 0;
		};
/* End PBXResourcesBuildPhase section */

/* Begin PBXSourcesBuildPhase section */
		3F6D9D8C1CD926F700B1E066 /* Sources */ = {
			isa = PBXSourcesBuildPhase;
			buildActionMask = 2147483647;
			files = (
				3F6D9DA91CD9281F00B1E066 /* MovieTableViewController.swift in Sources */,
				3F6D9DAC1CD9290300B1E066 /* Movie+CoreDataProperties.swift in Sources */,
				3F6D9DAD1CD9290300B1E066 /* Movie.swift in Sources */,
				3F6D9D961CD926F800B1E066 /* ViewController.swift in Sources */,
				3F6D9DAF1CD92DFC00B1E066 /* MovieDetailViewController.swift in Sources */,
				3F6D9D9C1CD926F800B1E066 /* FilmCollector2.xcdatamodeld in Sources */,
				3F6D9D941CD926F800B1E066 /* AppDelegate.swift in Sources */,
			);
			runOnlyForDeploymentPostprocessing = 0;
		};
/* End PBXSourcesBuildPhase section */

/* Begin PBXVariantGroup section */
		3F6D9D971CD926F800B1E066 /* Main.storyboard */ = {
			isa = PBXVariantGroup;
			children = (
				3F6D9D981CD926F800B1E066 /* Base */,
			);
			name = Main.storyboard;
			sourceTree = "<group>";
		};
		3F6D9D9F1CD926F800B1E066 /* LaunchScreen.storyboard */ = {
			isa = PBXVariantGroup;
			children = (
				3F6D9DA01CD926F800B1E066 /* Base */,
			);
			name = LaunchScreen.storyboard;
			sourceTree = "<group>";
		};
/* End PBXVariantGroup section */

/* Begin XCBuildConfiguration section */
		3F6D9DA31CD926F800B1E066 /* Debug */ = {
			isa = XCBuildConfiguration;
			buildSettings = {
				ALWAYS_SEARCH_USER_PATHS = NO;
				CLANG_CXX_LANGUAGE_STANDARD = "gnu++0x";
				CLANG_CXX_LIBRARY = "libc++";
				CLANG_ENABLE_MODULES = YES;
				CLANG_ENABLE_OBJC_ARC = YES;
				CLANG_WARN_BOOL_CONVERSION = YES;
				CLANG_WARN_CONSTANT_CONVERSION = YES;
				CLANG_WARN_DIRECT_OBJC_ISA_USAGE = YES_ERROR;
				CLANG_WARN_EMPTY_BODY = YES;
				CLANG_WARN_ENUM_CONVERSION = YES;
				CLANG_WARN_INT_CONVERSION = YES;
				CLANG_WARN_OBJC_ROOT_CLASS = YES_ERROR;
				CLANG_WARN_UNREACHABLE_CODE = YES;
				CLANG_WARN__DUPLICATE_METHOD_MATCH = YES;
				"CODE_SIGN_IDENTITY[sdk=iphoneos*]" = "iPhone Developer";
				COPY_PHASE_STRIP = NO;
				DEBUG_INFORMATION_FORMAT = dwarf;
				ENABLE_STRICT_OBJC_MSGSEND = YES;
				ENABLE_TESTABILITY = YES;
				GCC_C_LANGUAGE_STANDARD = gnu99;
				GCC_DYNAMIC_NO_PIC = NO;
				GCC_NO_COMMON_BLOCKS = YES;
				GCC_OPTIMIZATION_LEVEL = 0;
				GCC_PREPROCESSOR_DEFINITIONS = (
					"DEBUG=1",
					"$(inherited)",
				);
				GCC_WARN_64_TO_32_BIT_CONVERSION = YES;
				GCC_WARN_ABOUT_RETURN_TYPE = YES_ERROR;
				GCC_WARN_UNDECLARED_SELECTOR = YES;
				GCC_WARN_UNINITIALIZED_AUTOS = YES_AGGRESSIVE;
				GCC_WARN_UNUSED_FUNCTION = YES;
				GCC_WARN_UNUSED_VARIABLE = YES;
				IPHONEOS_DEPLOYMENT_TARGET = 9.2;
				MTL_ENABLE_DEBUG_INFO = YES;
				ONLY_ACTIVE_ARCH = YES;
				SDKROOT = iphoneos;
				SWIFT_OPTIMIZATION_LEVEL = "-Onone";
			};
			name = Debug;
		};
		3F6D9DA41CD926F800B1E066 /* Release */ = {
			isa = XCBuildConfiguration;
			buildSettings = {
				ALWAYS_SEARCH_USER_PATHS = NO;
				CLANG_CXX_LANGUAGE_STANDARD = "gnu++0x";
				CLANG_CXX_LIBRARY = "libc++";
				CLANG_ENABLE_MODULES = YES;
				CLANG_ENABLE_OBJC_ARC = YES;
				CLANG_WARN_BOOL_CONVERSION = YES;
				CLANG_WARN_CONSTANT_CONVERSION = YES;
				CLANG_WARN_DIRECT_OBJC_ISA_USAGE = YES_ERROR;
				CLANG_WARN_EMPTY_BODY = YES;
				CLANG_WARN_ENUM_CONVERSION = YES;
				CLANG_WARN_INT_CONVERSION = YES;
				CLANG_WARN_OBJC_ROOT_CLASS = YES_ERROR;
				CLANG_WARN_UNREACHABLE_CODE = YES;
				CLANG_WARN__DUPLICATE_METHOD_MATCH = YES;
				"CODE_SIGN_IDENTITY[sdk=iphoneos*]" = "iPhone Developer";
				COPY_PHASE_STRIP = NO;
				DEBUG_INFORMATION_FORMAT = "dwarf-with-dsym";
				ENABLE_NS_ASSERTIONS = NO;
				ENABLE_STRICT_OBJC_MSGSEND = YES;
				GCC_C_LANGUAGE_STANDARD = gnu99;
				GCC_NO_COMMON_BLOCKS = YES;
				GCC_WARN_64_TO_32_BIT_CONVERSION = YES;
				GCC_WARN_ABOUT_RETURN_TYPE = YES_ERROR;
				GCC_WARN_UNDECLARED_SELECTOR = YES;
				GCC_WARN_UNINITIALIZED_AUTOS = YES_AGGRESSIVE;
				GCC_WARN_UNUSED_FUNCTION = YES;
				GCC_WARN_UNUSED_VARIABLE = YES;
				IPHONEOS_DEPLOYMENT_TARGET = 9.2;
				MTL_ENABLE_DEBUG_INFO = NO;
				SDKROOT = iphoneos;
				VALIDATE_PRODUCT = YES;
			};
			name = Release;
		};
		3F6D9DA61CD926F800B1E066 /* Debug */ = {
			isa = XCBuildConfiguration;
			buildSettings = {
				ASSETCATALOG_COMPILER_APPICON_NAME = AppIcon;
				INFOPLIST_FILE = FilmCollector2/Info.plist;
				LD_RUNPATH_SEARCH_PATHS = "$(inherited) @executable_path/Frameworks";
				PRODUCT_BUNDLE_IDENTIFIER = nina.FilmCollector2;
				PRODUCT_NAME = "$(TARGET_NAME)";
			};
			name = Debug;
		};
		3F6D9DA71CD926F800B1E066 /* Release */ = {
			isa = XCBuildConfiguration;
			buildSettings = {
				ASSETCATALOG_COMPILER_APPICON_NAME = AppIcon;
				INFOPLIST_FILE = FilmCollector2/Info.plist;
				LD_RUNPATH_SEARCH_PATHS = "$(inherited) @executable_path/Frameworks";
				PRODUCT_BUNDLE_IDENTIFIER = nina.FilmCollector2;
				PRODUCT_NAME = "$(TARGET_NAME)";
			};
			name = Release;
		};
/* End XCBuildConfiguration section */

/* Begin XCConfigurationList section */
		3F6D9D8B1CD926F700B1E066 /* Build configuration list for PBXProject "FilmCollector2" */ = {
			isa = XCConfigurationList;
			buildConfigurations = (
				3F6D9DA31CD926F800B1E066 /* Debug */,
				3F6D9DA41CD926F800B1E066 /* Release */,
			);
			defaultConfigurationIsVisible = 0;
			defaultConfigurationName = Release;
		};
		3F6D9DA51CD926F800B1E066 /* Build configuration list for PBXNativeTarget "FilmCollector2" */ = {
			isa = XCConfigurationList;
			buildConfigurations = (
				3F6D9DA61CD926F800B1E066 /* Debug */,
				3F6D9DA71CD926F800B1E066 /* Release */,
			);
			defaultConfigurationIsVisible = 0;
			defaultConfigurationName = Release;
		};
/* End XCConfigurationList section */

/* Begin XCVersionGroup section */
		3F6D9D9A1CD926F800B1E066 /* FilmCollector2.xcdatamodeld */ = {
			isa = XCVersionGroup;
			children = (
				3F6D9D9B1CD926F800B1E066 /* FilmCollector2.xcdatamodel */,
			);
			currentVersion = 3F6D9D9B1CD926F800B1E066 /* FilmCollector2.xcdatamodel */;
			path = FilmCollector2.xcdatamodeld;
			sourceTree = "<group>";
			versionGroupType = wrapper.xcdatamodel;
		};
/* End XCVersionGroup section */
	};
	rootObject = 3F6D9D881CD926F700B1E066 /* Project object */;
}
